
Microsoft Visual Studio Solution File, Format Version 12.00
# Visual Studio Version 18
VisualStudioVersion = 18.3.11505.172
MinimumVisualStudioVersion = 10.0.40219.1
Project("{9A19103F-16F7-4668-BE54-9A1E7A4F7556}") = "Module1", "Module1\Module1.csproj", "{2AE4E01E-0C6D-4B5C-A39A-306E1318C662}"
EndProject
Project("{9A19103F-16F7-4668-BE54-9A1E7A4F7556}") = "Module2", "Module2\Module2.csproj", "{16806654-098A-4B94-9462-24645DF3A2D9}"
EndProject
Project("{2150E333-8FDC-42A3-9474-1A3956D46DE8}") = "Solution Items", "Solution Items", "{CC55DC3E-7C9E-4599-B7B4-6372B8E0CFB4}"
	ProjectSection(SolutionItems) = preProject
		.gitignore = .gitignore
		Directory.Build.props = Directory.Build.props
		LICENSE.txt = LICENSE.txt
		NuGet.config = NuGet.config
		README.md = README.md
	EndProjectSection
EndProject
Project("{9A19103F-16F7-4668-BE54-9A1E7A4F7556}") = "DashboardApplication", "DashboardApplication\DashboardApplication.csproj", "{1E751DAB-8A21-48EB-96E4-F0ED9C999462}"
EndProject
Project("{2150E333-8FDC-42A3-9474-1A3956D46DE8}") = ".github", ".github", "{02EA681E-C7D8-13C7-8484-4AC65E1B71E8}"
EndProject
Project("{2150E333-8FDC-42A3-9474-1A3956D46DE8}") = "workflows", "workflows", "{8BC87CB0-F8FD-427D-8F6D-CC95D6EA23FA}"
	ProjectSection(SolutionItems) = preProject
		.github\workflows\ci.yml = .github\workflows\ci.yml
	EndProjectSection
EndProject
Project("{FAE04EC0-301F-11D3-BF4B-00C04F79EFBC}") = "CustomAdminTheme", "DashboardAdminTheme\CustomAdminTheme.csproj", "{542F772B-0BCA-497A-95E8-A04DB9A7B0EC}"
EndProject
Project("{FAE04EC0-301F-11D3-BF4B-00C04F79EFBC}") = "AIChatModule", "AIChatModule\AIChatModule.csproj", "{9603EC81-5643-4CF2-B264-1DFF2AC3268B}"
EndProject
Global
	GlobalSection(SolutionConfigurationPlatforms) = preSolution
		Debug|Any CPU = Debug|Any CPU
		Debug|x64 = Debug|x64
		Debug|x86 = Debug|x86
		Release|Any CPU = Release|Any CPU
		Release|x64 = Release|x64
		Release|x86 = Release|x86
	EndGlobalSection
	GlobalSection(ProjectConfigurationPlatforms) = postSolution
		{2AE4E01E-0C6D-4B5C-A39A-306E1318C662}.Debug|Any CPU.ActiveCfg = Debug|Any CPU
		{2AE4E01E-0C6D-4B5C-A39A-306E1318C662}.Debug|Any CPU.Build.0 = Debug|Any CPU
		{2AE4E01E-0C6D-4B5C-A39A-306E1318C662}.Debug|x64.ActiveCfg = Debug|Any CPU
		{2AE4E01E-0C6D-4B5C-A39A-306E1318C662}.Debug|x64.Build.0 = Debug|Any CPU
		{2AE4E01E-0C6D-4B5C-A39A-306E1318C662}.Debug|x86.ActiveCfg = Debug|Any CPU
		{2AE4E01E-0C6D-4B5C-A39A-306E1318C662}.Debug|x86.Build.0 = Debug|Any CPU
		{2AE4E01E-0C6D-4B5C-A39A-306E1318C662}.Release|Any CPU.ActiveCfg = Release|Any CPU
		{2AE4E01E-0C6D-4B5C-A39A-306E1318C662}.Release|Any CPU.Build.0 = Release|Any CPU
		{2AE4E01E-0C6D-4B5C-A39A-306E1318C662}.Release|x64.ActiveCfg = Release|Any CPU
		{2AE4E01E-0C6D-4B5C-A39A-306E1318C662}.Release|x64.Build.0 = Release|Any CPU
		{2AE4E01E-0C6D-4B5C-A39A-306E1318C662}.Release|x86.ActiveCfg = Release|Any CPU
		{2AE4E01E-0C6D-4B5C-A39A-306E1318C662}.Release|x86.Build.0 = Release|Any CPU
		{16806654-098A-4B94-9462-24645DF3A2D9}.Debug|Any CPU.ActiveCfg = Debug|Any CPU
		{16806654-098A-4B94-9462-24645DF3A2D9}.Debug|Any CPU.Build.0 = Debug|Any CPU
		{16806654-098A-4B94-9462-24645DF3A2D9}.Debug|x64.ActiveCfg = Debug|Any CPU
		{16806654-098A-4B94-9462-24645DF3A2D9}.Debug|x64.Build.0 = Debug|Any CPU
		{16806654-098A-4B94-9462-24645DF3A2D9}.Debug|x86.ActiveCfg = Debug|Any CPU
		{16806654-098A-4B94-9462-24645DF3A2D9}.Debug|x86.Build.0 = Debug|Any CPU
		{16806654-098A-4B94-9462-24645DF3A2D9}.Release|Any CPU.ActiveCfg = Release|Any CPU
		{16806654-098A-4B94-9462-24645DF3A2D9}.Release|Any CPU.Build.0 = Release|Any CPU
		{16806654-098A-4B94-9462-24645DF3A2D9}.Release|x64.ActiveCfg = Release|Any CPU
		{16806654-098A-4B94-9462-24645DF3A2D9}.Release|x64.Build.0 = Release|Any CPU
		{16806654-098A-4B94-9462-24645DF3A2D9}.Release|x86.ActiveCfg = Release|Any CPU
		{16806654-098A-4B94-9462-24645DF3A2D9}.Release|x86.Build.0 = Release|Any CPU
		{1E751DAB-8A21-48EB-96E4-F0ED9C999462}.Debug|Any CPU.ActiveCfg = Debug|Any CPU
		{1E751DAB-8A21-48EB-96E4-F0ED9C999462}.Debug|Any CPU.Build.0 = Debug|Any CPU
		{1E751DAB-8A21-48EB-96E4-F0ED9C999462}.Debug|x64.ActiveCfg = Debug|Any CPU
		{1E751DAB-8A21-48EB-96E4-F0ED9C999462}.Debug|x64.Build.0 = Debug|Any CPU
		{1E751DAB-8A21-48EB-96E4-F0ED9C999462}.Debug|x86.ActiveCfg = Debug|Any CPU
		{1E751DAB-8A21-48EB-96E4-F0ED9C999462}.Debug|x86.Build.0 = Debug|Any CPU
		{1E751DAB-8A21-48EB-96E4-F0ED9C999462}.Release|Any CPU.ActiveCfg = Release|Any CPU
		{1E751DAB-8A21-48EB-96E4-F0ED9C999462}.Release|Any CPU.Build.0 = Release|Any CPU
		{1E751DAB-8A21-48EB-96E4-F0ED9C999462}.Release|x64.ActiveCfg = Release|Any CPU
		{1E751DAB-8A21-48EB-96E4-F0ED9C999462}.Release|x64.Build.0 = Release|Any CPU
		{1E751DAB-8A21-48EB-96E4-F0ED9C999462}.Release|x86.ActiveCfg = Release|Any CPU
		{1E751DAB-8A21-48EB-96E4-F0ED9C999462}.Release|x86.Build.0 = Release|Any CPU
		{542F772B-0BCA-497A-95E8-A04DB9A7B0EC}.Debug|Any CPU.ActiveCfg = Debug|Any CPU
		{542F772B-0BCA-497A-95E8-A04DB9A7B0EC}.Debug|Any CPU.Build.0 = Debug|Any CPU
		{542F772B-0BCA-497A-95E8-A04DB9A7B0EC}.Debug|x64.ActiveCfg = Debug|Any CPU
		{542F772B-0BCA-497A-95E8-A04DB9A7B0EC}.Debug|x64.Build.0 = Debug|Any CPU
		{542F772B-0BCA-497A-95E8-A04DB9A7B0EC}.Debug|x86.ActiveCfg = Debug|Any CPU
		{542F772B-0BCA-497A-95E8-A04DB9A7B0EC}.Debug|x86.Build.0 = Debug|Any CPU
		{542F772B-0BCA-497A-95E8-A04DB9A7B0EC}.Release|Any CPU.ActiveCfg = Release|Any CPU
		{542F772B-0BCA-497A-95E8-A04DB9A7B0EC}.Release|Any CPU.Build.0 = Release|Any CPU
		{542F772B-0BCA-497A-95E8-A04DB9A7B0EC}.Release|x64.ActiveCfg = Release|Any CPU
		{542F772B-0BCA-497A-95E8-A04DB9A7B0EC}.Release|x64.Build.0 = Release|Any CPU
		{542F772B-0BCA-497A-95E8-A04DB9A7B0EC}.Release|x86.ActiveCfg = Release|Any CPU
		{542F772B-0BCA-497A-95E8-A04DB9A7B0EC}.Release|x86.Build.0 = Release|Any CPU
		{9603EC81-5643-4CF2-B264-1DFF2AC3268B}.Debug|Any CPU.ActiveCfg = Debug|Any CPU
		{9603EC81-5643-4CF2-B264-1DFF2AC3268B}.Debug|Any CPU.Build.0 = Debug|Any CPU
		{9603EC81-5643-4CF2-B264-1DFF2AC3268B}.Debug|x64.ActiveCfg = Debug|Any CPU
		{9603EC81-5643-4CF2-B264-1DFF2AC3268B}.Debug|x64.Build.0 = Debug|Any CPU
		{9603EC81-5643-4CF2-B264-1DFF2AC3268B}.Debug|x86.ActiveCfg = Debug|Any CPU
		{9603EC81-5643-4CF2-B264-1DFF2AC3268B}.Debug|x86.Build.0 = Debug|Any CPU
		{9603EC81-5643-4CF2-B264-1DFF2AC3268B}.Release|Any CPU.ActiveCfg = Release|Any CPU
		{9603EC81-5643-4CF2-B264-1DFF2AC3268B}.Release|Any CPU.Build.0 = Release|Any CPU
		{9603EC81-5643-4CF2-B264-1DFF2AC3268B}.Release|x64.ActiveCfg = Release|Any CPU
		{9603EC81-5643-4CF2-B264-1DFF2AC3268B}.Release|x64.Build.0 = Release|Any CPU
		{9603EC81-5643-4CF2-B264-1DFF2AC3268B}.Release|x86.ActiveCfg = Release|Any CPU
		{9603EC81-5643-4CF2-B264-1DFF2AC3268B}.Release|x86.Build.0 = Release|Any CPU
	EndGlobalSection
	GlobalSection(SolutionProperties) = preSolution
		HideSolutionNode = FALSE
	EndGlobalSection
	GlobalSection(NestedProjects) = preSolution
		{8BC87CB0-F8FD-427D-8F6D-CC95D6EA23FA} = {02EA681E-C7D8-13C7-8484-4AC65E1B71E8}
	EndGlobalSection
	GlobalSection(ExtensibilityGlobals) = postSolution
		SolutionGuid = {0AD5090C-3961-4E2B-9C72-D91ED2E7C1FA}
	EndGlobalSection
EndGlobal
